{
  "name": "auto-builder-bridge",
  "version": "0.1.0",
  "lockfileVersion": 3,
  "requires": true,
  "packages": {
    "": {
      "name": "auto-builder-bridge",
      "version": "0.1.0",
      "dependencies": {
        "@modelcontextprotocol/sdk": "^1.26.0",
        "@sparticuz/chromium": "^131.0.1",
        "@supabase/supabase-js": "^2.49.8",
        "@vercel/sandbox": "^1.8.0",
        "mcp-handler": "^1.1.0",
        "next": "^15.3.3",
        "playwright": "^1.53.0",
        "playwright-core": "^1.53.0",
        "react": "^19.1.0",
        "react-dom": "^19.1.0",
        "workflow": "^4.5.0",
        "zod": "^3.25.76"
      },
      "devDependencies": {
        "@types/node": "^22.15.21",
        "@types/react": "^19.1.6",
        "@types/react-dom": "^19.1.5",
        "typescript": "^5.8.3"
      },
      "overrides": {
        "devalue": "^5.8.1",
        "esbuild": "^0.28.1",
        "postcss": "^8.5.10",
        "undici": "^7.24.0",
        "ws": "^8.21.0"
      }
    }
  }
}
